
Microsoft Visual Studio Solution File, Format Version 12.00
# Visual Studio Version 17
VisualStudioVersion = 17.4.33110.190
MinimumVisualStudioVersion = 10.0.40219.1
Project("{9A19103F-16F7-4668-BE54-9A1E7A4F7556}") = "GoogleTrendsApiFinal", "GoogleTrendsApiFinal\GoogleTrendsApiFinal.csproj", "{E91A9BF1-E0BA-4F76-A4C8-DC8AF1958DDD}"
EndProject
Project("{2150E333-8FDC-42A3-9474-1A3956D46DE8}") = "Solution Items", "Solution Items", "{0559DBC7-7229-4B48-B21F-4A5C72459501}"
	ProjectSection(SolutionItems) = preProject
		.editorconfig = .editorconfig
	EndProjectSection
EndProject
Global
	GlobalSection(SolutionConfigurationPlatforms) = preSolution
		Debug|Any CPU = Debug|Any CPU
		Release|Any CPU = Release|Any CPU
	EndGlobalSection
	GlobalSection(ProjectConfigurationPlatforms) = postSolution
		{E91A9BF1-E0BA-4F76-A4C8-DC8AF1958DDD}.Debug|Any CPU.ActiveCfg = Debug|Any CPU
		{E91A9BF1-E0BA-4F76-A4C8-DC8AF1958DDD}.Debug|Any CPU.Build.0 = Debug|Any CPU
		{E91A9BF1-E0BA-4F76-A4C8-DC8AF1958DDD}.Release|Any CPU.ActiveCfg = Release|Any CPU
		{E91A9BF1-E0BA-4F76-A4C8-DC8AF1958DDD}.Release|Any CPU.Build.0 = Release|Any CPU
	EndGlobalSection
	GlobalSection(SolutionProperties) = preSolution
		HideSolutionNode = FALSE
	EndGlobalSection
	GlobalSection(ExtensibilityGlobals) = postSolution
		SolutionGuid = {18C8319A-0AA8-4712-A0A1-A6DBCBCA6F32}
	EndGlobalSection
EndGlobal
